
Microsoft Visual Studio Solution File, Format Version 12.00
# Visual Studio Version 16
VisualStudioVersion = 16.0.31005.135
MinimumVisualStudioVersion = 10.0.40219.1
Project("{9A19103F-16F7-4668-BE54-9A1E7A4F7556}") = "VotingApp.Api", "VotingApp.Api\VotingApp.Api.csproj", "{BEFAFBD3-2D1E-470E-B8A7-AE4777F33764}"
EndProject
Project("{9A19103F-16F7-4668-BE54-9A1E7A4F7556}") = "VotingApp.Core", "VotingApp.Core\VotingApp.Core.csproj", "{0800BF04-5C40-424B-9DAB-195760DC23F2}"
EndProject
Project("{FAE04EC0-301F-11D3-BF4B-00C04F79EFBC}") = "VotingApp.Admin", "VotingApp.Admin\VotingApp.Admin.csproj", "{DD40E979-3459-4CCF-B5DB-BF09BD872B95}"
EndProject
Project("{FAE04EC0-301F-11D3-BF4B-00C04F79EFBC}") = "VotingApp.Client", "VotingApp.Client\VotingApp.Client.csproj", "{990CCC74-1694-4300-87B5-9C2069E1946D}"
EndProject
Global
	GlobalSection(SolutionConfigurationPlatforms) = preSolution
		Debug|Any CPU = Debug|Any CPU
		Release|Any CPU = Release|Any CPU
	EndGlobalSection
	GlobalSection(ProjectConfigurationPlatforms) = postSolution
		{BEFAFBD3-2D1E-470E-B8A7-AE4777F33764}.Debug|Any CPU.ActiveCfg = Debug|Any CPU
		{BEFAFBD3-2D1E-470E-B8A7-AE4777F33764}.Debug|Any CPU.Build.0 = Debug|Any CPU
		{BEFAFBD3-2D1E-470E-B8A7-AE4777F33764}.Release|Any CPU.ActiveCfg = Release|Any CPU
		{BEFAFBD3-2D1E-470E-B8A7-AE4777F33764}.Release|Any CPU.Build.0 = Release|Any CPU
		{0800BF04-5C40-424B-9DAB-195760DC23F2}.Debug|Any CPU.ActiveCfg = Debug|Any CPU
		{0800BF04-5C40-424B-9DAB-195760DC23F2}.Debug|Any CPU.Build.0 = Debug|Any CPU
		{0800BF04-5C40-424B-9DAB-195760DC23F2}.Release|Any CPU.ActiveCfg = Release|Any CPU
		{0800BF04-5C40-424B-9DAB-195760DC23F2}.Release|Any CPU.Build.0 = Release|Any CPU
		{DD40E979-3459-4CCF-B5DB-BF09BD872B95}.Debug|Any CPU.ActiveCfg = Debug|Any CPU
		{DD40E979-3459-4CCF-B5DB-BF09BD872B95}.Debug|Any CPU.Build.0 = Debug|Any CPU
		{DD40E979-3459-4CCF-B5DB-BF09BD872B95}.Release|Any CPU.ActiveCfg = Release|Any CPU
		{DD40E979-3459-4CCF-B5DB-BF09BD872B95}.Release|Any CPU.Build.0 = Release|Any CPU
		{990CCC74-1694-4300-87B5-9C2069E1946D}.Debug|Any CPU.ActiveCfg = Debug|Any CPU
		{990CCC74-1694-4300-87B5-9C2069E1946D}.Debug|Any CPU.Build.0 = Debug|Any CPU
		{990CCC74-1694-4300-87B5-9C2069E1946D}.Release|Any CPU.ActiveCfg = Release|Any CPU
		{990CCC74-1694-4300-87B5-9C2069E1946D}.Release|Any CPU.Build.0 = Release|Any CPU
	EndGlobalSection
	GlobalSection(SolutionProperties) = preSolution
		HideSolutionNode = FALSE
	EndGlobalSection
	GlobalSection(ExtensibilityGlobals) = postSolution
		SolutionGuid = {65C07244-DEC0-42D3-86A9-E1E70A75873E}
	EndGlobalSection
EndGlobal
